
Microsoft Visual Studio Solution File, Format Version 12.00
# Visual Studio Version 18
VisualStudioVersion = 18.9.12120.119 stable
MinimumVisualStudioVersion = 10.0.40219.1
Project("{FAE04EC0-301F-11D3-BF4B-00C04F79EFBC}") = "AutoShazam", "AutoShazam\AutoShazam.csproj", "{33FB0536-9066-442B-869C-824A047DA80D}"
EndProject
Project("{2150E333-8FDC-42A3-9474-1A3956D46DE8}") = "Solution Items", "Solution Items", "{35355B2B-2F70-466D-8669-1931BCC3C67F}"
	ProjectSection(SolutionItems) = preProject
		CHANGELOG.md = CHANGELOG.md
	EndProjectSection
EndProject
Global
	GlobalSection(SolutionConfigurationPlatforms) = preSolution
		Debug|Any CPU = Debug|Any CPU
		Debug|x64 = Debug|x64
		Debug|x86 = Debug|x86
		Release|Any CPU = Release|Any CPU
		Release|x64 = Release|x64
		Release|x86 = Release|x86
	EndGlobalSection
	GlobalSection(ProjectConfigurationPlatforms) = postSolution
		{33FB0536-9066-442B-869C-824A047DA80D}.Debug|Any CPU.ActiveCfg = Debug|Any CPU
		{33FB0536-9066-442B-869C-824A047DA80D}.Debug|Any CPU.Build.0 = Debug|Any CPU
		{33FB0536-9066-442B-869C-824A047DA80D}.Debug|x64.ActiveCfg = Debug|Any CPU
		{33FB0536-9066-442B-869C-824A047DA80D}.Debug|x64.Build.0 = Debug|Any CPU
		{33FB0536-9066-442B-869C-824A047DA80D}.Debug|x86.ActiveCfg = Debug|Any CPU
		{33FB0536-9066-442B-869C-824A047DA80D}.Debug|x86.Build.0 = Debug|Any CPU
		{33FB0536-9066-442B-869C-824A047DA80D}.Release|Any CPU.ActiveCfg = Release|Any CPU
		{33FB0536-9066-442B-869C-824A047DA80D}.Release|Any CPU.Build.0 = Release|Any CPU
		{33FB0536-9066-442B-869C-824A047DA80D}.Release|x64.ActiveCfg = Release|Any CPU
		{33FB0536-9066-442B-869C-824A047DA80D}.Release|x64.Build.0 = Release|Any CPU
		{33FB0536-9066-442B-869C-824A047DA80D}.Release|x86.ActiveCfg = Release|Any CPU
		{33FB0536-9066-442B-869C-824A047DA80D}.Release|x86.Build.0 = Release|Any CPU
	EndGlobalSection
	GlobalSection(SolutionProperties) = preSolution
		HideSolutionNode = FALSE
	EndGlobalSection
	GlobalSection(ExtensibilityGlobals) = postSolution
		SolutionGuid = {D30ED3E1-E082-441C-910D-3E94F5259D4A}
	EndGlobalSection
EndGlobal
